
Microsoft Visual Studio Solution File, Format Version 12.00
# Visual Studio 15
VisualStudioVersion = 15.0.28010.2016
MinimumVisualStudioVersion = 10.0.40219.1
Project("{FAE04EC0-301F-11D3-BF4B-00C04F79EFBC}") = "GroceryStore", "GroceryStore\GroceryStore.csproj", "{0A1394A3-6B7D-4030-AA7F-08CFC98B580A}"
EndProject
Project("{FAE04EC0-301F-11D3-BF4B-00C04F79EFBC}") = "GroceryStoreTests", "GroceryStoreTests\GroceryStoreTests.csproj", "{D376FE1D-F534-4CF0-AC88-8FDEB59E4EE8}"
EndProject
Global
	GlobalSection(SolutionConfigurationPlatforms) = preSolution
		Debug|Any CPU = Debug|Any CPU
		Release|Any CPU = Release|Any CPU
	EndGlobalSection
	GlobalSection(ProjectConfigurationPlatforms) = postSolution
		{0A1394A3-6B7D-4030-AA7F-08CFC98B580A}.Debug|Any CPU.ActiveCfg = Debug|Any CPU
		{0A1394A3-6B7D-4030-AA7F-08CFC98B580A}.Debug|Any CPU.Build.0 = Debug|Any CPU
		{0A1394A3-6B7D-4030-AA7F-08CFC98B580A}.Release|Any CPU.ActiveCfg = Release|Any CPU
		{0A1394A3-6B7D-4030-AA7F-08CFC98B580A}.Release|Any CPU.Build.0 = Release|Any CPU
		{D376FE1D-F534-4CF0-AC88-8FDEB59E4EE8}.Debug|Any CPU.ActiveCfg = Debug|Any CPU
		{D376FE1D-F534-4CF0-AC88-8FDEB59E4EE8}.Debug|Any CPU.Build.0 = Debug|Any CPU
		{D376FE1D-F534-4CF0-AC88-8FDEB59E4EE8}.Release|Any CPU.ActiveCfg = Release|Any CPU
		{D376FE1D-F534-4CF0-AC88-8FDEB59E4EE8}.Release|Any CPU.Build.0 = Release|Any CPU
	EndGlobalSection
	GlobalSection(SolutionProperties) = preSolution
		HideSolutionNode = FALSE
	EndGlobalSection
	GlobalSection(ExtensibilityGlobals) = postSolution
		SolutionGuid = {CD9F6946-D101-485A-B6E6-61BB9FEDF100}
	EndGlobalSection
EndGlobal
